
Microsoft Visual Studio Solution File, Format Version 12.00
# Visual Studio 15
VisualStudioVersion = 15.0.28307.1525
MinimumVisualStudioVersion = 10.0.40219.1
Project("{FAE04EC0-301F-11D3-BF4B-00C04F79EFBC}") = "FFAMod", "FFAMod\FFAMod.csproj", "{2BFCD2C3-21AF-4AEC-B809-265E4BAD5422}"
EndProject
Global
	GlobalSection(SolutionConfigurationPlatforms) = preSolution
		Debug|Any CPU = Debug|Any CPU
		Release|Any CPU = Release|Any CPU
	EndGlobalSection
	GlobalSection(ProjectConfigurationPlatforms) = postSolution
		{2BFCD2C3-21AF-4AEC-B809-265E4BAD5422}.Debug|Any CPU.ActiveCfg = Debug|Any CPU
		{2BFCD2C3-21AF-4AEC-B809-265E4BAD5422}.Debug|Any CPU.Build.0 = Debug|Any CPU
		{2BFCD2C3-21AF-4AEC-B809-265E4BAD5422}.Release|Any CPU.ActiveCfg = Debug|Any CPU
		{2BFCD2C3-21AF-4AEC-B809-265E4BAD5422}.Release|Any CPU.Build.0 = Debug|Any CPU
	EndGlobalSection
	GlobalSection(SolutionProperties) = preSolution
		HideSolutionNode = FALSE
	EndGlobalSection
	GlobalSection(ExtensibilityGlobals) = postSolution
		SolutionGuid = {610D4735-D75D-49FF-843E-A3DE9BEE8A16}
	EndGlobalSection
EndGlobal
